// !$*UTF8*$!
{
	archiveVersion = 1;
	classes = {
	};
	objectVersion = 50;
	objects = {

/* Begin PBXBuildFile section */
		8718089625C22C4B00471BD6 /* Timer_XApp.swift in Sources */ = {isa = PBXBuildFile; fileRef = 8718089525C22C4B00471BD6 /* Timer_XApp.swift */; };
		8718089825C22C4B00471BD6 /* ContentView.swift in Sources */ = {isa = PBXBuildFile; fileRef = 8718089725C22C4B00471BD6 /* ContentView.swift */; };
		8718089A25C22C4E00471BD6 /* Assets.xcassets in Resources */ = {isa = PBXBuildFile; fileRef = 8718089925C22C4E00471BD6 /* Assets.xcassets */; };
		8718089D25C22C4E00471BD6 /* Preview Assets.xcassets in Resources */ = {isa = PBXBuildFile; fileRef = 8718089C25C22C4E00471BD6 /* Preview Assets.xcassets */; };
		871808A825C22C4E00471BD6 /* Timer_XTests.swift in Sources */ = {isa = PBXBuildFile; fileRef = 871808A725C22C4E00471BD6 /* Timer_XTests.swift */; };
		871808B325C22C4E00471BD6 /* Timer_XUITests.swift in Sources */ = {isa = PBXBuildFile; fileRef = 871808B225C22C4E00471BD6 /* Timer_XUITests.swift */; };
/* End PBXBuildFile section */

/* Begin PBXContainerItemProxy section */
		871808A425C22C4E00471BD6 /* PBXContainerItemProxy */ = {
			isa = PBXContainerItemProxy;
			containerPortal = 8718088A25C22C4B00471BD6 /* Project object */;
			proxyType = 1;
			remoteGlobalIDString = 8718089125C22C4B00471BD6;
			remoteInfo = "Timer-X";
		};
		871808AF25C22C4E00471BD6 /* PBXContainerItemProxy */ = {
			isa = PBXContainerItemProxy;
			containerPortal = 8718088A25C22C4B00471BD6 /* Project object */;
			proxyType = 1;
			remoteGlobalIDString = 8718089125C22C4B00471BD6;
			remoteInfo = "Timer-X";
		};
/* End PBXContainerItemProxy section */

/* Begin PBXFileReference section */
		8718089225C22C4B00471BD6 /* Timer-X.app */ = {isa = PBXFileReference; explicitFileType = wrapper.application; includeInIndex = 0; path = "Timer-X.app"; sourceTree = BUILT_PRODUCTS_DIR; };
		8718089525C22C4B00471BD6 /* Timer_XApp.swift */ = {isa = PBXFileReference; lastKnownFileType = sourcecode.swift; path = Timer_XApp.swift; sourceTree = "<group>"; };
		8718089725C22C4B00471BD6 /* ContentView.swift */ = {isa = PBXFileReference; lastKnownFileType = sourcecode.swift; path = ContentView.swift; sourceTree = "<group>"; };
		8718089925C22C4E00471BD6 /* Assets.xcassets */ = {isa = PBXFileReference; lastKnownFileType = folder.assetcatalog; path = Assets.xcassets; sourceTree = "<group>"; };
		8718089C25C22C4E00471BD6 /* Preview Assets.xcassets */ = {isa = PBXFileReference; lastKnownFileType = folder.assetcatalog; path = "Preview Assets.xcassets"; sourceTree = "<group>"; };
		8718089E25C22C4E00471BD6 /* Info.plist */ = {isa = PBXFileReference; lastKnownFileType = text.plist.xml; path = Info.plist; sourceTree = "<group>"; };
		871808A325C22C4E00471BD6 /* Timer-XTests.xctest */ = {isa = PBXFileReference; explicitFileType = wrapper.cfbundle; includeInIndex = 0; path = "Timer-XTests.xctest"; sourceTree = BUILT_PRODUCTS_DIR; };
		871808A725C22C4E00471BD6 /* Timer_XTests.swift */ = {isa = PBXFileReference; lastKnownFileType = sourcecode.swift; path = Timer_XTests.swift; sourceTree = "<group>"; };
		871808A925C22C4E00471BD6 /* Info.plist */ = {isa = PBXFileReference; lastKnownFileType = text.plist.xml; path = Info.plist; sourceTree = "<group>"; };
		871808AE25C22C4E00471BD6 /* Timer-XUITests.xctest */ = {isa = PBXFileReference; explicitFileType = wrapper.cfbundle; includeInIndex = 0; path = "Timer-XUITests.xctest"; sourceTree = BUILT_PRODUCTS_DIR; };
		871808B225C22C4E00471BD6 /* Timer_XUITests.swift */ = {isa = PBXFileReference; lastKnownFileType = sourcecode.swift; path = Timer_XUITests.swift; sourceTree = "<group>"; };
		871808B425C22C4E00471BD6 /* Info.plist */ = {isa = PBXFileReference; lastKnownFileType = text.plist.xml; path = Info.plist; sourceTree = "<group>"; };
/* End PBXFileReference section */

/* Begin PBXFrameworksBuildPhase section */
		8718088F25C22C4B00471BD6 /* Frameworks */ = {
			isa = PBXFrameworksBuildPhase;
			buildActionMask = 2147483647;
			files = (
			);
			runOnlyForDeploymentPostprocessing = 0;
		};
		871808A025C22C4E00471BD6 /* Frameworks */ = {
			isa = PBXFrameworksBuildPhase;
			buildActionMask = 2147483647;
			files = (
			);
			runOnlyForDeploymentPostprocessing = 0;
		};
		871808AB25C22C4E00471BD6 /* Frameworks */ = {
			isa = PBXFrameworksBuildPhase;
			buildActionMask = 2147483647;
			files = (
			);
			runOnlyForDeploymentPostprocessing = 0;
		};
/* End PBXFrameworksBuildPhase section */

/* Begin PBXGroup section */
		8718088925C22C4B00471BD6 = {
			isa = PBXGroup;
			children = (
				8718089425C22C4B00471BD6 /* Timer-X */,
				871808A625C22C4E00471BD6 /* Timer-XTests */,
				871808B125C22C4E00471BD6 /* Timer-XUITests */,
				8718089325C22C4B00471BD6 /* Products */,
			);
			sourceTree = "<group>";
		};
		8718089325C22C4B00471BD6 /* Products */ = {
			isa = PBXGroup;
			children = (
				8718089225C22C4B00471BD6 /* Timer-X.app */,
				871808A325C22C4E00471BD6 /* Timer-XTests.xctest */,
				871808AE25C22C4E00471BD6 /* Timer-XUITests.xctest */,
			);
			name = Products;
			sourceTree = "<group>";
		};
		8718089425C22C4B00471BD6 /* Timer-X */ = {
			isa = PBXGroup;
			children = (
				8718089525C22C4B00471BD6 /* Timer_XApp.swift */,
				8718089725C22C4B00471BD6 /* ContentView.swift */,
				8718089925C22C4E00471BD6 /* Assets.xcassets */,
				8718089E25C22C4E00471BD6 /* Info.plist */,
				8718089B25C22C4E00471BD6 /* Preview Content */,
			);
			path = "Timer-X";
			sourceTree = "<group>";
		};
		8718089B25C22C4E00471BD6 /* Preview Content */ = {
			isa = PBXGroup;
			children = (
				8718089C25C22C4E00471BD6 /* Preview Assets.xcassets */,
			);
			path = "Preview Content";
			sourceTree = "<group>";
		};
		871808A625C22C4E00471BD6 /* Timer-XTests */ = {
			isa = PBXGroup;
			children = (
				871808A725C22C4E00471BD6 /* Timer_XTests.swift */,
				871808A925C22C4E00471BD6 /* Info.plist */,
			);
			path = "Timer-XTests";
			sourceTree = "<group>";
		};
		871808B125C22C4E00471BD6 /* Timer-XUITests */ = {
			isa = PBXGroup;
			children = (
				871808B225C22C4E00471BD6 /* Timer_XUITests.swift */,
				871808B425C22C4E00471BD6 /* Info.plist */,
			);
			path = "Timer-XUITests";
			sourceTree = "<group>";
		};
/* End PBXGroup section */

/* Begin PBXNativeTarget section */
		8718089125C22C4B00471BD6 /* Timer-X */ = {
			isa = PBXNativeTarget;
			buildConfigurationList = 871808B725C22C4E00471BD6 /* Build configuration list for PBXNativeTarget "Timer-X" */;
			buildPhases = (
				8718088E25C22C4B00471BD6 /* Sources */,
				8718088F25C22C4B00471BD6 /* Frameworks */,
				8718089025C22C4B00471BD6 /* Resources */,
			);
			buildRules = (
			);
			dependencies = (
			);
			name = "Timer-X";
			productName = "Timer-X";
			productReference = 8718089225C22C4B00471BD6 /* Timer-X.app */;
			productType = "com.apple.product-type.application";
		};
		871808A225C22C4E00471BD6 /* Timer-XTests */ = {
			isa = PBXNativeTarget;
			buildConfigurationList = 871808BA25C22C4E00471BD6 /* Build configuration list for PBXNativeTarget "Timer-XTests" */;
			buildPhases = (
				8718089F25C22C4E00471BD6 /* Sources */,
				871808A025C22C4E00471BD6 /* Frameworks */,
				871808A125C22C4E00471BD6 /* Resources */,
			);
			buildRules = (
			);
			dependencies = (
				871808A525C22C4E00471BD6 /* PBXTargetDependency */,
			);
			name = "Timer-XTests";
			productName = "Timer-XTests";
			productReference = 871808A325C22C4E00471BD6 /* Timer-XTests.xctest */;
			productType = "com.apple.product-type.bundle.unit-test";
		};
		871808AD25C22C4E00471BD6 /* Timer-XUITests */ = {
			isa = PBXNativeTarget;
			buildConfigurationList = 871808BD25C22C4E00471BD6 /* Build configuration list for PBXNativeTarget "Timer-XUITests" */;
			buildPhases = (
				871808AA25C22C4E00471BD6 /* Sources */,
				871808AB25C22C4E00471BD6 /* Frameworks */,
				871808AC25C22C4E00471BD6 /* Resources */,
			);
			buildRules = (
			);
			dependencies = (
				871808B025C22C4E00471BD6 /* PBXTargetDependency */,
			);
			name = "Timer-XUITests";
			productName = "Timer-XUITests";
			productReference = 871808AE25C22C4E00471BD6 /* Timer-XUITests.xctest */;
			productType = "com.apple.product-type.bundle.ui-testing";
		};
/* End PBXNativeTarget section */

/* Begin PBXProject section */
		8718088A25C22C4B00471BD6 /* Project object */ = {
			isa = PBXProject;
			attributes = {
				LastSwiftUpdateCheck = 1230;
				LastUpgradeCheck = 1230;
				TargetAttributes = {
					8718089125C22C4B00471BD6 = {
						CreatedOnToolsVersion = 12.3;
					};
					871808A225C22C4E00471BD6 = {
						CreatedOnToolsVersion = 12.3;
						TestTargetID = 8718089125C22C4B00471BD6;
					};
					871808AD25C22C4E00471BD6 = {
						CreatedOnToolsVersion = 12.3;
						TestTargetID = 8718089125C22C4B00471BD6;
					};
				};
			};
			buildConfigurationList = 8718088D25C22C4B00471BD6 /* Build configuration list for PBXProject "Timer-X" */;
			compatibilityVersion = "Xcode 9.3";
			developmentRegion = en;
			hasScannedForEncodings = 0;
			knownRegions = (
				en,
				Base,
			);
			mainGroup = 8718088925C22C4B00471BD6;
			productRefGroup = 8718089325C22C4B00471BD6 /* Products */;
			projectDirPath = "";
			projectRoot = "";
			targets = (
				8718089125C22C4B00471BD6 /* Timer-X */,
				871808A225C22C4E00471BD6 /* Timer-XTests */,
				871808AD25C22C4E00471BD6 /* Timer-XUITests */,
			);
		};
/* End PBXProject section */

/* Begin PBXResourcesBuildPhase section */
		8718089025C22C4B00471BD6 /* Resources */ = {
			isa = PBXResourcesBuildPhase;
			buildActionMask = 2147483647;
			files = (
				8718089D25C22C4E00471BD6 /* Preview Assets.xcassets in Resources */,
				8718089A25C22C4E00471BD6 /* Assets.xcassets in Resources */,
			);
			runOnlyForDeploymentPostprocessing = 0;
		};
		871808A125C22C4E00471BD6 /* Resources */ = {
			isa = PBXResourcesBuildPhase;
			buildActionMask = 2147483647;
			files = (
			);
			runOnlyForDeploymentPostprocessing = 0;
		};
		871808AC25C22C4E00471BD6 /* Resources */ = {
			isa = PBXResourcesBuildPhase;
			buildActionMask = 2147483647;
			files = (
			);
			runOnlyForDeploymentPostprocessing = 0;
		};
/* End PBXResourcesBuildPhase section */

/* Begin PBXSourcesBuildPhase section */
		8718088E25C22C4B00471BD6 /* Sources */ = {
			isa = PBXSourcesBuildPhase;
			buildActionMask = 2147483647;
			files = (
				8718089825C22C4B00471BD6 /* ContentView.swift in Sources */,
				8718089625C22C4B00471BD6 /* Timer_XApp.swift in Sources */,
			);
			runOnlyForDeploymentPostprocessing = 0;
		};
		8718089F25C22C4E00471BD6 /* Sources */ = {
			isa = PBXSourcesBuildPhase;
			buildActionMask = 2147483647;
			files = (
				871808A825C22C4E00471BD6 /* Timer_XTests.swift in Sources */,
			);
			runOnlyForDeploymentPostprocessing = 0;
		};
		871808AA25C22C4E00471BD6 /* Sources */ = {
			isa = PBXSourcesBuildPhase;
			buildActionMask = 2147483647;
			files = (
				871808B325C22C4E00471BD6 /* Timer_XUITests.swift in Sources */,
			);
			runOnlyForDeploymentPostprocessing = 0;
		};
/* End PBXSourcesBuildPhase section */

/* Begin PBXTargetDependency section */
		871808A525C22C4E00471BD6 /* PBXTargetDependency */ = {
			isa = PBXTargetDependency;
			target = 8718089125C22C4B00471BD6 /* Timer-X */;
			targetProxy = 871808A425C22C4E00471BD6 /* PBXContainerItemProxy */;
		};
		871808B025C22C4E00471BD6 /* PBXTargetDependency */ = {
			isa = PBXTargetDependency;
			target = 8718089125C22C4B00471BD6 /* Timer-X */;
			targetProxy = 871808AF25C22C4E00471BD6 /* PBXContainerItemProxy */;
		};
/* End PBXTargetDependency section */

/* Begin XCBuildConfiguration section */
		871808B525C22C4E00471BD6 /* Debug */ = {
			isa = XCBuildConfiguration;
			buildSettings = {
				ALWAYS_SEARCH_USER_PATHS = NO;
				CLANG_ANALYZER_NONNULL = YES;
				CLANG_ANALYZER_NUMBER_OBJECT_CONVERSION = YES_AGGRESSIVE;
				CLANG_CXX_LANGUAGE_STANDARD = "gnu++14";
				CLANG_CXX_LIBRARY = "libc++";
				CLANG_ENABLE_MODULES = YES;
				CLANG_ENABLE_OBJC_ARC = YES;
				CLANG_ENABLE_OBJC_WEAK = YES;
				CLANG_WARN_BLOCK_CAPTURE_AUTORELEASING = YES;
				CLANG_WARN_BOOL_CONVERSION = YES;
				CLANG_WARN_COMMA = YES;
				CLANG_WARN_CONSTANT_CONVERSION = YES;
				CLANG_WARN_DEPRECATED_OBJC_IMPLEMENTATIONS = YES;
				CLANG_WARN_DIRECT_OBJC_ISA_USAGE = YES_ERROR;
				CLANG_WARN_DOCUMENTATION_COMMENTS = YES;
				CLANG_WARN_EMPTY_BODY = YES;
				CLANG_WARN_ENUM_CONVERSION = YES;
				CLANG_WARN_INFINITE_RECURSION = YES;
				CLANG_WARN_INT_CONVERSION = YES;
				CLANG_WARN_NON_LITERAL_NULL_CONVERSION = YES;
				CLANG_WARN_OBJC_IMPLICIT_RETAIN_SELF = YES;
				CLANG_WARN_OBJC_LITERAL_CONVERSION = YES;
				CLANG_WARN_OBJC_ROOT_CLASS = YES_ERROR;
				CLANG_WARN_QUOTED_INCLUDE_IN_FRAMEWORK_HEADER = YES;
				CLANG_WARN_RANGE_LOOP_ANALYSIS = YES;
				CLANG_WARN_STRICT_PROTOTYPES = YES;
				CLANG_WARN_SUSPICIOUS_MOVE = YES;
				CLANG_WARN_UNGUARDED_AVAILABILITY = YES_AGGRESSIVE;
				CLANG_WARN_UNREACHABLE_CODE = YES;
				CLANG_WARN__DUPLICATE_METHOD_MATCH = YES;
				COPY_PHASE_STRIP = NO;
				DEBUG_INFORMATION_FORMAT = dwarf;
				ENABLE_STRICT_OBJC_MSGSEND = YES;
				ENABLE_TESTABILITY = YES;
				GCC_C_LANGUAGE_STANDARD = gnu11;
				GCC_DYNAMIC_NO_PIC = NO;
				GCC_NO_COMMON_BLOCKS = YES;
				GCC_OPTIMIZATION_LEVEL = 0;
				GCC_PREPROCESSOR_DEFINITIONS = (
					"DEBUG=1",
					"$(inherited)",
				);
				GCC_WARN_64_TO_32_BIT_CONVERSION = YES;
				GCC_WARN_ABOUT_RETURN_TYPE = YES_ERROR;
				GCC_WARN_UNDECLARED_SELECTOR = YES;
				GCC_WARN_UNINITIALIZED_AUTOS = YES_AGGRESSIVE;
				GCC_WARN_UNUSED_FUNCTION = YES;
				GCC_WARN_UNUSED_VARIABLE = YES;
				IPHONEOS_DEPLOYMENT_TARGET = 14.3;
				MTL_ENABLE_DEBUG_INFO = INCLUDE_SOURCE;
				MTL_FAST_MATH = YES;
				ONLY_ACTIVE_ARCH = YES;
				SDKROOT = iphoneos;
				SWIFT_ACTIVE_COMPILATION_CONDITIONS = DEBUG;
				SWIFT_OPTIMIZATION_LEVEL = "-Onone";
			};
			name = Debug;
		};
		871808B625C22C4E00471BD6 /* Release */ = {
			isa = XCBuildConfiguration;
			buildSettings = {
				ALWAYS_SEARCH_USER_PATHS = NO;
				CLANG_ANALYZER_NONNULL = YES;
				CLANG_ANALYZER_NUMBER_OBJECT_CONVERSION = YES_AGGRESSIVE;
				CLANG_CXX_LANGUAGE_STANDARD = "gnu++14";
				CLANG_CXX_LIBRARY = "libc++";
				CLANG_ENABLE_MODULES = YES;
				CLANG_ENABLE_OBJC_ARC = YES;
				CLANG_ENABLE_OBJC_WEAK = YES;
				CLANG_WARN_BLOCK_CAPTURE_AUTORELEASING = YES;
				CLANG_WARN_BOOL_CONVERSION = YES;
				CLANG_WARN_COMMA = YES;
				CLANG_WARN_CONSTANT_CONVERSION = YES;
				CLANG_WARN_DEPRECATED_OBJC_IMPLEMENTATIONS = YES;
				CLANG_WARN_DIRECT_OBJC_ISA_USAGE = YES_ERROR;
				CLANG_WARN_DOCUMENTATION_COMMENTS = YES;
				CLANG_WARN_EMPTY_BODY = YES;
				CLANG_WARN_ENUM_CONVERSION = YES;
				CLANG_WARN_INFINITE_RECURSION = YES;
				CLANG_WARN_INT_CONVERSION = YES;
				CLANG_WARN_NON_LITERAL_NULL_CONVERSION = YES;
				CLANG_WARN_OBJC_IMPLICIT_RETAIN_SELF = YES;
				CLANG_WARN_OBJC_LITERAL_CONVERSION = YES;
				CLANG_WARN_OBJC_ROOT_CLASS = YES_ERROR;
				CLANG_WARN_QUOTED_INCLUDE_IN_FRAMEWORK_HEADER = YES;
				CLANG_WARN_RANGE_LOOP_ANALYSIS = YES;
				CLANG_WARN_STRICT_PROTOTYPES = YES;
				CLANG_WARN_SUSPICIOUS_MOVE = YES;
				CLANG_WARN_UNGUARDED_AVAILABILITY = YES_AGGRESSIVE;
				CLANG_WARN_UNREACHABLE_CODE = YES;
				CLANG_WARN__DUPLICATE_METHOD_MATCH = YES;
				COPY_PHASE_STRIP = NO;
				DEBUG_INFORMATION_FORMAT = "dwarf-with-dsym";
				ENABLE_NS_ASSERTIONS = NO;
				ENABLE_STRICT_OBJC_MSGSEND = YES;
				GCC_C_LANGUAGE_STANDARD = gnu11;
				GCC_NO_COMMON_BLOCKS = YES;
				GCC_WARN_64_TO_32_BIT_CONVERSION = YES;
				GCC_WARN_ABOUT_RETURN_TYPE = YES_ERROR;
				GCC_WARN_UNDECLARED_SELECTOR = YES;
				GCC_WARN_UNINITIALIZED_AUTOS = YES_AGGRESSIVE;
				GCC_WARN_UNUSED_FUNCTION = YES;
				GCC_WARN_UNUSED_VARIABLE = YES;
				IPHONEOS_DEPLOYMENT_TARGET = 14.3;
				MTL_ENABLE_DEBUG_INFO = NO;
				MTL_FAST_MATH = YES;
				SDKROOT = iphoneos;
				SWIFT_COMPILATION_MODE = wholemodule;
				SWIFT_OPTIMIZATION_LEVEL = "-O";
				VALIDATE_PRODUCT = YES;
			};
			name = Release;
		};
		871808B825C22C4E00471BD6 /* Debug */ = {
			isa = XCBuildConfiguration;
			buildSettings = {
				ASSETCATALOG_COMPILER_APPICON_NAME = AppIcon;
				ASSETCATALOG_COMPILER_GLOBAL_ACCENT_COLOR_NAME = AccentColor;
				CODE_SIGN_STYLE = Automatic;
				DEVELOPMENT_ASSET_PATHS = "\"Timer-X/Preview Content\"";
				DEVELOPMENT_TEAM = 678NFC24L5;
				ENABLE_PREVIEWS = YES;
				INFOPLIST_FILE = "Timer-X/Info.plist";
				IPHONEOS_DEPLOYMENT_TARGET = 14.0;
				LD_RUNPATH_SEARCH_PATHS = (
					"$(inherited)",
					"@executable_path/Frameworks",
				);
				PRODUCT_BUNDLE_IDENTIFIER = "com.official.Timer-X";
				PRODUCT_NAME = "$(TARGET_NAME)";
				SWIFT_VERSION = 5.0;
				TARGETED_DEVICE_FAMILY = "1,2";
			};
			name = Debug;
		};
		871808B925C22C4E00471BD6 /* Release */ = {
			isa = XCBuildConfiguration;
			buildSettings = {
				ASSETCATALOG_COMPILER_APPICON_NAME = AppIcon;
				ASSETCATALOG_COMPILER_GLOBAL_ACCENT_COLOR_NAME = AccentColor;
				CODE_SIGN_STYLE = Automatic;
				DEVELOPMENT_ASSET_PATHS = "\"Timer-X/Preview Content\"";
				DEVELOPMENT_TEAM = 678NFC24L5;
				ENABLE_PREVIEWS = YES;
				INFOPLIST_FILE = "Timer-X/Info.plist";
				IPHONEOS_DEPLOYMENT_TARGET = 14.0;
				LD_RUNPATH_SEARCH_PATHS = (
					"$(inherited)",
					"@executable_path/Frameworks",
				);
				PRODUCT_BUNDLE_IDENTIFIER = "com.official.Timer-X";
				PRODUCT_NAME = "$(TARGET_NAME)";
				SWIFT_VERSION = 5.0;
				TARGETED_DEVICE_FAMILY = "1,2";
			};
			name = Release;
		};
		871808BB25C22C4E00471BD6 /* Debug */ = {
			isa = XCBuildConfiguration;
			buildSettings = {
				ALWAYS_EMBED_SWIFT_STANDARD_LIBRARIES = YES;
				BUNDLE_LOADER = "$(TEST_HOST)";
				CODE_SIGN_STYLE = Automatic;
				DEVELOPMENT_TEAM = 678NFC24L5;
				INFOPLIST_FILE = "Timer-XTests/Info.plist";
				IPHONEOS_DEPLOYMENT_TARGET = 14.0;
				LD_RUNPATH_SEARCH_PATHS = (
					"$(inherited)",
					"@executable_path/Frameworks",
					"@loader_path/Frameworks",
				);
				PRODUCT_BUNDLE_IDENTIFIER = "com.official.Timer-XTests";
				PRODUCT_NAME = "$(TARGET_NAME)";
				SWIFT_VERSION = 5.0;
				TARGETED_DEVICE_FAMILY = "1,2";
				TEST_HOST = "$(BUILT_PRODUCTS_DIR)/Timer-X.app/Timer-X";
			};
			name = Debug;
		};
		871808BC25C22C4E00471BD6 /* Release */ = {
			isa = XCBuildConfiguration;
			buildSettings = {
				ALWAYS_EMBED_SWIFT_STANDARD_LIBRARIES = YES;
				BUNDLE_LOADER = "$(TEST_HOST)";
				CODE_SIGN_STYLE = Automatic;
				DEVELOPMENT_TEAM = 678NFC24L5;
				INFOPLIST_FILE = "Timer-XTests/Info.plist";
				IPHONEOS_DEPLOYMENT_TARGET = 14.0;
				LD_RUNPATH_SEARCH_PATHS = (
					"$(inherited)",
					"@executable_path/Frameworks",
					"@loader_path/Frameworks",
				);
				PRODUCT_BUNDLE_IDENTIFIER = "com.official.Timer-XTests";
				PRODUCT_NAME = "$(TARGET_NAME)";
				SWIFT_VERSION = 5.0;
				TARGETED_DEVICE_FAMILY = "1,2";
				TEST_HOST = "$(BUILT_PRODUCTS_DIR)/Timer-X.app/Timer-X";
			};
			name = Release;
		};
		871808BE25C22C4E00471BD6 /* Debug */ = {
			isa = XCBuildConfiguration;
			buildSettings = {
				ALWAYS_EMBED_SWIFT_STANDARD_LIBRARIES = YES;
				CODE_SIGN_STYLE = Automatic;
				DEVELOPMENT_TEAM = 678NFC24L5;
				INFOPLIST_FILE = "Timer-XUITests/Info.plist";
				LD_RUNPATH_SEARCH_PATHS = (
					"$(inherited)",
					"@executable_path/Frameworks",
					"@loader_path/Frameworks",
				);
				PRODUCT_BUNDLE_IDENTIFIER = "com.official.Timer-XUITests";
				PRODUCT_NAME = "$(TARGET_NAME)";
				SWIFT_VERSION = 5.0;
				TARGETED_DEVICE_FAMILY = "1,2";
				TEST_TARGET_NAME = "Timer-X";
			};
			name = Debug;
		};
		871808BF25C22C4E00471BD6 /* Release */ = {
			isa = XCBuildConfiguration;
			buildSettings = {
				ALWAYS_EMBED_SWIFT_STANDARD_LIBRARIES = YES;
				CODE_SIGN_STYLE = Automatic;
				DEVELOPMENT_TEAM = 678NFC24L5;
				INFOPLIST_FILE = "Timer-XUITests/Info.plist";
				LD_RUNPATH_SEARCH_PATHS = (
					"$(inherited)",
					"@executable_path/Frameworks",
					"@loader_path/Frameworks",
				);
				PRODUCT_BUNDLE_IDENTIFIER = "com.official.Timer-XUITests";
				PRODUCT_NAME = "$(TARGET_NAME)";
				SWIFT_VERSION = 5.0;
				TARGETED_DEVICE_FAMILY = "1,2";
				TEST_TARGET_NAME = "Timer-X";
			};
			name = Release;
		};
/* End XCBuildConfiguration section */

/* Begin XCConfigurationList section */
		8718088D25C22C4B00471BD6 /* Build configuration list for PBXProject "Timer-X" */ = {
			isa = XCConfigurationList;
			buildConfigurations = (
				871808B525C22C4E00471BD6 /* Debug */,
				871808B625C22C4E00471BD6 /* Release */,
			);
			defaultConfigurationIsVisible = 0;
			defaultConfigurationName = Release;
		};
		871808B725C22C4E00471BD6 /* Build configuration list for PBXNativeTarget "Timer-X" */ = {
			isa = XCConfigurationList;
			buildConfigurations = (
				871808B825C22C4E00471BD6 /* Debug */,
				871808B925C22C4E00471BD6 /* Release */,
			);
			defaultConfigurationIsVisible = 0;
			defaultConfigurationName = Release;
		};
		871808BA25C22C4E00471BD6 /* Build configuration list for PBXNativeTarget "Timer-XTests" */ = {
			isa = XCConfigurationList;
			buildConfigurations = (
				871808BB25C22C4E00471BD6 /* Debug */,
				871808BC25C22C4E00471BD6 /* Release */,
			);
			defaultConfigurationIsVisible = 0;
			defaultConfigurationName = Release;
		};
		871808BD25C22C4E00471BD6 /* Build configuration list for PBXNativeTarget "Timer-XUITests" */ = {
			isa = XCConfigurationList;
			buildConfigurations = (
				871808BE25C22C4E00471BD6 /* Debug */,
				871808BF25C22C4E00471BD6 /* Release */,
			);
			defaultConfigurationIsVisible = 0;
			defaultConfigurationName = Release;
		};
/* End XCConfigurationList section */
	};
	rootObject = 8718088A25C22C4B00471BD6 /* Project object */;
}
